
Microsoft Visual Studio Solution File, Format Version 12.00
# Visual Studio 15
VisualStudioVersion = 15.0.28307.136
MinimumVisualStudioVersion = 10.0.40219.1
Project("{FAE04EC0-301F-11D3-BF4B-00C04F79EFBC}") = "ConsoleInterface", "ConsoleInterface\ConsoleInterface.csproj", "{EFB53971-123F-48EA-BEA6-4D30112C81A9}"
EndProject
Global
	GlobalSection(SolutionConfigurationPlatforms) = preSolution
		Debug|Any CPU = Debug|Any CPU
		Release|Any CPU = Release|Any CPU
	EndGlobalSection
	GlobalSection(ProjectConfigurationPlatforms) = postSolution
		{EFB53971-123F-48EA-BEA6-4D30112C81A9}.Debug|Any CPU.ActiveCfg = Debug|Any CPU
		{EFB53971-123F-48EA-BEA6-4D30112C81A9}.Debug|Any CPU.Build.0 = Debug|Any CPU
		{EFB53971-123F-48EA-BEA6-4D30112C81A9}.Release|Any CPU.ActiveCfg = Release|Any CPU
		{EFB53971-123F-48EA-BEA6-4D30112C81A9}.Release|Any CPU.Build.0 = Release|Any CPU
	EndGlobalSection
	GlobalSection(SolutionProperties) = preSolution
		HideSolutionNode = FALSE
	EndGlobalSection
	GlobalSection(ExtensibilityGlobals) = postSolution
		SolutionGuid = {AAE34017-C72F-4CA9-ACDE-F130ABF24640}
	EndGlobalSection
EndGlobal
